
Microsoft Visual Studio Solution File, Format Version 12.00
# Visual Studio Version 17
VisualStudioVersion = 17.5.33424.131
MinimumVisualStudioVersion = 10.0.40219.1
Project("{8BC9CEB8-8B4A-11D0-8D11-00A0C91BC942}") = "TanksGame", "TanksGame.vcxproj", "{DF01586C-BDD4-40E3-8103-4A356A1F07BA}"
EndProject
Global
	GlobalSection(SolutionConfigurationPlatforms) = preSolution
		Debug|x64 = Debug|x64
		Debug|x86 = Debug|x86
		Release|x64 = Release|x64
		Release|x86 = Release|x86
	EndGlobalSection
	GlobalSection(ProjectConfigurationPlatforms) = postSolution
		{DF01586C-BDD4-40E3-8103-4A356A1F07BA}.Debug|x64.ActiveCfg = Debug|x64
		{DF01586C-BDD4-40E3-8103-4A356A1F07BA}.Debug|x64.Build.0 = Debug|x64
		{DF01586C-BDD4-40E3-8103-4A356A1F07BA}.Debug|x86.ActiveCfg = Debug|Win32
		{DF01586C-BDD4-40E3-8103-4A356A1F07BA}.Debug|x86.Build.0 = Debug|Win32
		{DF01586C-BDD4-40E3-8103-4A356A1F07BA}.Release|x64.ActiveCfg = Release|x64
		{DF01586C-BDD4-40E3-8103-4A356A1F07BA}.Release|x64.Build.0 = Release|x64
		{DF01586C-BDD4-40E3-8103-4A356A1F07BA}.Release|x86.ActiveCfg = Release|Win32
		{DF01586C-BDD4-40E3-8103-4A356A1F07BA}.Release|x86.Build.0 = Release|Win32
	EndGlobalSection
	GlobalSection(SolutionProperties) = preSolution
		HideSolutionNode = FALSE
	EndGlobalSection
	GlobalSection(ExtensibilityGlobals) = postSolution
		SolutionGuid = {C5C51038-5702-4B20-8A32-A520EED159F4}
	EndGlobalSection
EndGlobal
